{
  "name": "smin502",
  "version": "1.0.0",
  "lockfileVersion": 1,
  "requires": true,
  "dependencies": {
    "bootstrap": {
      "version": "4.0.0-beta",
      "resolved": "https://registry.npmjs.org/bootstrap/-/bootstrap-4.0.0-beta.tgz",
      "integrity": "sha1-3FkoF10ucTELxmjPngWpByEbcqY="
    },
    "jquery": {
      "version": "3.2.1",
      "resolved": "https://registry.npmjs.org/jquery/-/jquery-3.2.1.tgz",
      "integrity": "sha1-XE2d5lKvbNCncBVKYxu6ErAVx4c="
    },
    "popper.js": {
      "version": "1.12.5",
      "resolved": "https://registry.npmjs.org/popper.js/-/popper.js-1.12.5.tgz",
      "integrity": "sha1-Ip5N6gFinh8aHiaZH/reUCQiD6Y="
    },
    "swiper": {
      "version": "4.0.1",
      "resolved": "https://registry.npmjs.org/swiper/-/swiper-4.0.1.tgz",
      "integrity": "sha1-A4wd3MaFr0NlDvuEDkpCsj5ok9I=",
      "requires": {
        "dom7": "2.0.1"
      },
      "dependencies": {
        "dom7": {
          "version": "2.0.1",
          "resolved": "https://registry.npmjs.org/dom7/-/dom7-2.0.1.tgz",
          "integrity": "sha1-qKLIAs8XwgsFHZQUFDBhRyIBojM="
        }
      }
    },
    "vue": {
      "version": "2.5.3",
      "resolved": "https://registry.npmjs.org/vue/-/vue-2.5.3.tgz",
      "integrity": "sha512-C8O5ZtR9jpwm6sCre3k42/WvuAcil5hH1+c3mJks8kNCYKh57sQh6I5U7m9L0fD89OKkIofmebUORngZkLedNA=="
    }
  }
}
